
Microsoft Visual Studio Solution File, Format Version 12.00
# Visual Studio Version 17
VisualStudioVersion = 17.14.37203.1
MinimumVisualStudioVersion = 10.0.40219.1
Project("{FAE04EC0-301F-11D3-BF4B-00C04F79EFBC}") = "MangoFusion_API", "MangoFusion_API\MangoFusion_API.csproj", "{3EB1B280-AF91-491B-87DB-A7C71F81A8C2}"
EndProject
Project("{FAE04EC0-301F-11D3-BF4B-00C04F79EFBC}") = "exerciseAPI", "exerciseAPI\exerciseAPI.csproj", "{3CC62730-1FA1-4EB1-9448-D961158EA953}"
EndProject
Project("{FAE04EC0-301F-11D3-BF4B-00C04F79EFBC}") = "northwindreactapi", "northwindreactapi\northwindreactapi.csproj", "{1CD7A58D-D6D1-424E-A53A-4F4FEA924181}"
EndProject
Global
	GlobalSection(SolutionConfigurationPlatforms) = preSolution
		Debug|Any CPU = Debug|Any CPU
		Release|Any CPU = Release|Any CPU
	EndGlobalSection
	GlobalSection(ProjectConfigurationPlatforms) = postSolution
		{3EB1B280-AF91-491B-87DB-A7C71F81A8C2}.Debug|Any CPU.ActiveCfg = Debug|Any CPU
		{3EB1B280-AF91-491B-87DB-A7C71F81A8C2}.Debug|Any CPU.Build.0 = Debug|Any CPU
		{3EB1B280-AF91-491B-87DB-A7C71F81A8C2}.Release|Any CPU.ActiveCfg = Release|Any CPU
		{3EB1B280-AF91-491B-87DB-A7C71F81A8C2}.Release|Any CPU.Build.0 = Release|Any CPU
		{3CC62730-1FA1-4EB1-9448-D961158EA953}.Debug|Any CPU.ActiveCfg = Debug|Any CPU
		{3CC62730-1FA1-4EB1-9448-D961158EA953}.Debug|Any CPU.Build.0 = Debug|Any CPU
		{3CC62730-1FA1-4EB1-9448-D961158EA953}.Release|Any CPU.ActiveCfg = Release|Any CPU
		{3CC62730-1FA1-4EB1-9448-D961158EA953}.Release|Any CPU.Build.0 = Release|Any CPU
		{1CD7A58D-D6D1-424E-A53A-4F4FEA924181}.Debug|Any CPU.ActiveCfg = Debug|Any CPU
		{1CD7A58D-D6D1-424E-A53A-4F4FEA924181}.Debug|Any CPU.Build.0 = Debug|Any CPU
		{1CD7A58D-D6D1-424E-A53A-4F4FEA924181}.Release|Any CPU.ActiveCfg = Release|Any CPU
		{1CD7A58D-D6D1-424E-A53A-4F4FEA924181}.Release|Any CPU.Build.0 = Release|Any CPU
	EndGlobalSection
	GlobalSection(SolutionProperties) = preSolution
		HideSolutionNode = FALSE
	EndGlobalSection
	GlobalSection(ExtensibilityGlobals) = postSolution
		SolutionGuid = {42F11D1B-F67D-4D74-B50C-27868C69918E}
	EndGlobalSection
EndGlobal
